
Microsoft Visual Studio Solution File, Format Version 11.00
# Visual Studio 2010
Project("{FAE04EC0-301F-11D3-BF4B-00C04F79EFBC}") = "test", "Assembly-CSharp-firstpass.csproj", "{F130E503-31B6-CD88-696B-20575B7F4CFA}"
EndProject
Project("{FAE04EC0-301F-11D3-BF4B-00C04F79EFBC}") = "test", "Assembly-CSharp.csproj", "{E5C00A68-E6DB-FEA3-938C-F34D364EA738}"
EndProject
Project("{FAE04EC0-301F-11D3-BF4B-00C04F79EFBC}") = "test", "Assembly-CSharp-Editor-firstpass.csproj", "{A060AF36-67C4-A575-2283-EA3A51C2EF33}"
EndProject
Global
	GlobalSection(SolutionConfigurationPlatforms) = preSolution
		Debug|Any CPU = Debug|Any CPU
		Release|Any CPU = Release|Any CPU
	EndGlobalSection
	GlobalSection(ProjectConfigurationPlatforms) = postSolution
		{F130E503-31B6-CD88-696B-20575B7F4CFA}.Debug|Any CPU.ActiveCfg = Debug|Any CPU
		{F130E503-31B6-CD88-696B-20575B7F4CFA}.Debug|Any CPU.Build.0 = Debug|Any CPU
		{F130E503-31B6-CD88-696B-20575B7F4CFA}.Release|Any CPU.ActiveCfg = Release|Any CPU
		{F130E503-31B6-CD88-696B-20575B7F4CFA}.Release|Any CPU.Build.0 = Release|Any CPU
		{E5C00A68-E6DB-FEA3-938C-F34D364EA738}.Debug|Any CPU.ActiveCfg = Debug|Any CPU
		{E5C00A68-E6DB-FEA3-938C-F34D364EA738}.Debug|Any CPU.Build.0 = Debug|Any CPU
		{E5C00A68-E6DB-FEA3-938C-F34D364EA738}.Release|Any CPU.ActiveCfg = Release|Any CPU
		{E5C00A68-E6DB-FEA3-938C-F34D364EA738}.Release|Any CPU.Build.0 = Release|Any CPU
		{A060AF36-67C4-A575-2283-EA3A51C2EF33}.Debug|Any CPU.ActiveCfg = Debug|Any CPU
		{A060AF36-67C4-A575-2283-EA3A51C2EF33}.Debug|Any CPU.Build.0 = Debug|Any CPU
		{A060AF36-67C4-A575-2283-EA3A51C2EF33}.Release|Any CPU.ActiveCfg = Release|Any CPU
		{A060AF36-67C4-A575-2283-EA3A51C2EF33}.Release|Any CPU.Build.0 = Release|Any CPU
	EndGlobalSection
	GlobalSection(SolutionProperties) = preSolution
		HideSolutionNode = FALSE
	EndGlobalSection
	GlobalSection(MonoDevelopProperties) = preSolution
		StartupItem = Assembly-CSharp.csproj
	EndGlobalSection
EndGlobal
